
Microsoft Visual Studio Solution File, Format Version 12.00
# Visual Studio 15
VisualStudioVersion = 15.0.28010.2050
MinimumVisualStudioVersion = 10.0.40219.1
Project("{8BC9CEB8-8B4A-11D0-8D11-00A0C91BC942}") = "Project1", "Project1\Project1.vcxproj", "{2E751979-E8CC-49C9-AAB2-5123A258AC49}"
EndProject
Global
	GlobalSection(SolutionConfigurationPlatforms) = preSolution
		Debug|x64 = Debug|x64
		Debug|x86 = Debug|x86
		Release|x64 = Release|x64
		Release|x86 = Release|x86
	EndGlobalSection
	GlobalSection(ProjectConfigurationPlatforms) = postSolution
		{2E751979-E8CC-49C9-AAB2-5123A258AC49}.Debug|x64.ActiveCfg = Debug|x64
		{2E751979-E8CC-49C9-AAB2-5123A258AC49}.Debug|x64.Build.0 = Debug|x64
		{2E751979-E8CC-49C9-AAB2-5123A258AC49}.Debug|x86.ActiveCfg = Debug|Win32
		{2E751979-E8CC-49C9-AAB2-5123A258AC49}.Debug|x86.Build.0 = Debug|Win32
		{2E751979-E8CC-49C9-AAB2-5123A258AC49}.Release|x64.ActiveCfg = Release|x64
		{2E751979-E8CC-49C9-AAB2-5123A258AC49}.Release|x64.Build.0 = Release|x64
		{2E751979-E8CC-49C9-AAB2-5123A258AC49}.Release|x86.ActiveCfg = Release|Win32
		{2E751979-E8CC-49C9-AAB2-5123A258AC49}.Release|x86.Build.0 = Release|Win32
	EndGlobalSection
	GlobalSection(SolutionProperties) = preSolution
		HideSolutionNode = FALSE
	EndGlobalSection
	GlobalSection(ExtensibilityGlobals) = postSolution
		SolutionGuid = {7EE8C07E-192D-4851-809C-B9AAA91B2A6E}
	EndGlobalSection
EndGlobal
