
Microsoft Visual Studio Solution File, Format Version 11.00
# Visual Studio 2010
Project("{8BC9CEB8-8B4A-11D0-8D11-00A0C91BC942}") = "FontEffectsSample", "FontEffectsSample.vcxproj", "{28A982FC-05F8-9203-22A4-D0A25AF7A598}"
EndProject
Global
	GlobalSection(SolutionConfigurationPlatforms) = preSolution
		Debug|Win32 = Debug|Win32
		Release|Win32 = Release|Win32
		Template|Win32 = Template|Win32
	EndGlobalSection
	GlobalSection(ProjectConfigurationPlatforms) = postSolution
		{28A982FC-05F8-9203-22A4-D0A25AF7A598}.Debug|Win32.ActiveCfg = Debug|Win32
		{28A982FC-05F8-9203-22A4-D0A25AF7A598}.Debug|Win32.Build.0 = Debug|Win32
		{28A982FC-05F8-9203-22A4-D0A25AF7A598}.Release|Win32.ActiveCfg = Release|Win32
		{28A982FC-05F8-9203-22A4-D0A25AF7A598}.Release|Win32.Build.0 = Release|Win32
		{28A982FC-05F8-9203-22A4-D0A25AF7A598}.Template|Win32.ActiveCfg = Template|Win32
		{28A982FC-05F8-9203-22A4-D0A25AF7A598}.Template|Win32.Build.0 = Template|Win32
	EndGlobalSection
	GlobalSection(SolutionProperties) = preSolution
		HideSolutionNode = FALSE
	EndGlobalSection
EndGlobal
