<?xml version="1.0" encoding="utf-8"?>
<Project ToolsVersion="4.0" xmlns="http://schemas.microsoft.com/developer/msbuild/2003">
  <ItemGroup>
    <Filter Include="Source Files">
      <UniqueIdentifier>{59ff507e-18d8-4fe5-8e0a-41a0494ea12b}</UniqueIdentifier>
      <Extensions>cpp;c;cxx;rc;def;r;odl;idl;hpj;bat</Extensions>
    </Filter>
    <Filter Include="Header Files">
      <UniqueIdentifier>{6285e075-fcb0-4870-8402-4660d57b95cf}</UniqueIdentifier>
      <Extensions>h;hpp;hxx;hm;inl</Extensions>
    </Filter>
    <Filter Include="Resource Files">
      <UniqueIdentifier>{7a7cb6d9-407f-4669-83b5-708c944c4d01}</UniqueIdentifier>
      <Extensions>ico;cur;bmp;dlg;rc2;rct;bin;rgs;gif;jpg;jpeg;jpe</Extensions>
    </Filter>
  </ItemGroup>
  <ItemGroup>
    <ClCompile Include="MainFrm.cpp">
      <Filter>Source Files</Filter>
    </ClCompile>
    <ClCompile Include="ScrollViewSample.cpp">
      <Filter>Source Files</Filter>
    </ClCompile>
    <ClCompile Include="ScrollViewSampleDoc.cpp">
      <Filter>Source Files</Filter>
    </ClCompile>
    <ClCompile Include="ScrollViewSampleView.cpp">
      <Filter>Source Files</Filter>
    </ClCompile>
    <ClCompile Include="StdAfx.cpp">
      <Filter>Source Files</Filter>
    </ClCompile>
  </ItemGroup>
  <ItemGroup>
    <ResourceCompile Include="ScrollViewSample.rc">
      <Filter>Source Files</Filter>
    </ResourceCompile>
  </ItemGroup>
  <ItemGroup>
    <ClInclude Include="MainFrm.h">
      <Filter>Header Files</Filter>
    </ClInclude>
    <ClInclude Include="Resource.h">
      <Filter>Header Files</Filter>
    </ClInclude>
    <ClInclude Include="ScrollViewSample.h">
      <Filter>Header Files</Filter>
    </ClInclude>
    <ClInclude Include="ScrollViewSampleDoc.h">
      <Filter>Header Files</Filter>
    </ClInclude>
    <ClInclude Include="ScrollViewSampleView.h">
      <Filter>Header Files</Filter>
    </ClInclude>
    <ClInclude Include="StdAfx.h">
      <Filter>Header Files</Filter>
    </ClInclude>
  </ItemGroup>
  <ItemGroup>
    <CustomBuild Include="res\ScrollViewSample.ico">
      <Filter>Resource Files</Filter>
    </CustomBuild>
    <CustomBuild Include="res\ScrollViewSample.rc2">
      <Filter>Resource Files</Filter>
    </CustomBuild>
    <CustomBuild Include="res\ScrollViewSampleDoc.ico">
      <Filter>Resource Files</Filter>
    </CustomBuild>
    <CustomBuild Include="res\Toolbar.bmp">
      <Filter>Resource Files</Filter>
    </CustomBuild>
    <CustomBuild Include="ReadMe.txt" />
  </ItemGroup>
</Project>