
Microsoft Visual Studio Solution File, Format Version 11.00
# Visual Studio 2010
Project("{8BC9CEB8-8B4A-11D0-8D11-00A0C91BC942}") = "statusbarSample", "statusbarSample.vcxproj", "{304A67FE-1FF4-EEE8-A494-AF5CB78148AD}"
EndProject
Global
	GlobalSection(SolutionConfigurationPlatforms) = preSolution
		Debug|Win32 = Debug|Win32
		Release|Win32 = Release|Win32
	EndGlobalSection
	GlobalSection(ProjectConfigurationPlatforms) = postSolution
		{304A67FE-1FF4-EEE8-A494-AF5CB78148AD}.Debug|Win32.ActiveCfg = Debug|Win32
		{304A67FE-1FF4-EEE8-A494-AF5CB78148AD}.Debug|Win32.Build.0 = Debug|Win32
		{304A67FE-1FF4-EEE8-A494-AF5CB78148AD}.Release|Win32.ActiveCfg = Release|Win32
		{304A67FE-1FF4-EEE8-A494-AF5CB78148AD}.Release|Win32.Build.0 = Release|Win32
	EndGlobalSection
	GlobalSection(SolutionProperties) = preSolution
		HideSolutionNode = FALSE
	EndGlobalSection
EndGlobal
