
Microsoft Visual Studio Solution File, Format Version 11.00
# Visual Studio 2010
Project("{8BC9CEB8-8B4A-11D0-8D11-00A0C91BC942}") = "DrawCube", "DrawCube.vcxproj", "{46A0B18F-BA40-E232-A610-EA4DE150871E}"
EndProject
Global
	GlobalSection(SolutionConfigurationPlatforms) = preSolution
		Debug|Win32 = Debug|Win32
		Release|Win32 = Release|Win32
	EndGlobalSection
	GlobalSection(ProjectConfigurationPlatforms) = postSolution
		{46A0B18F-BA40-E232-A610-EA4DE150871E}.Debug|Win32.ActiveCfg = Debug|Win32
		{46A0B18F-BA40-E232-A610-EA4DE150871E}.Debug|Win32.Build.0 = Debug|Win32
		{46A0B18F-BA40-E232-A610-EA4DE150871E}.Release|Win32.ActiveCfg = Release|Win32
		{46A0B18F-BA40-E232-A610-EA4DE150871E}.Release|Win32.Build.0 = Release|Win32
	EndGlobalSection
	GlobalSection(SolutionProperties) = preSolution
		HideSolutionNode = FALSE
	EndGlobalSection
EndGlobal
