<?xml version="1.0" encoding="utf-8"?>
<Project ToolsVersion="4.0" xmlns="http://schemas.microsoft.com/developer/msbuild/2003">
  <ItemGroup>
    <Filter Include="Source Files">
      <UniqueIdentifier>{23f8f307-7184-4ae7-9b68-84b8ab1729c5}</UniqueIdentifier>
      <Extensions>cpp;c;cxx;rc;def;r;odl;idl;hpj;bat</Extensions>
    </Filter>
    <Filter Include="Header Files">
      <UniqueIdentifier>{0f48d324-9986-4a59-9e55-85ac03b2616e}</UniqueIdentifier>
      <Extensions>h;hpp;hxx;hm;inl</Extensions>
    </Filter>
    <Filter Include="Resource Files">
      <UniqueIdentifier>{9caa0734-0493-4a1d-8813-a70b0ffa99f3}</UniqueIdentifier>
      <Extensions>ico;cur;bmp;dlg;rc2;rct;bin;rgs;gif;jpg;jpeg;jpe</Extensions>
    </Filter>
  </ItemGroup>
  <ItemGroup>
    <ClCompile Include="ChildFrm.cpp">
      <Filter>Source Files</Filter>
    </ClCompile>
    <ClCompile Include="MainFrm.cpp">
      <Filter>Source Files</Filter>
    </ClCompile>
    <ClCompile Include="StaticSplitSample.cpp">
      <Filter>Source Files</Filter>
    </ClCompile>
    <ClCompile Include="StaticSplitSampleDoc.cpp">
      <Filter>Source Files</Filter>
    </ClCompile>
    <ClCompile Include="StaticSplitSampleView.cpp">
      <Filter>Source Files</Filter>
    </ClCompile>
    <ClCompile Include="StdAfx.cpp">
      <Filter>Source Files</Filter>
    </ClCompile>
    <ClCompile Include="View1.cpp">
      <Filter>Source Files</Filter>
    </ClCompile>
    <ClCompile Include="View2.cpp">
      <Filter>Source Files</Filter>
    </ClCompile>
    <ClCompile Include="View3.cpp">
      <Filter>Source Files</Filter>
    </ClCompile>
    <ClCompile Include="View4.cpp">
      <Filter>Source Files</Filter>
    </ClCompile>
    <ClCompile Include="View5.cpp">
      <Filter>Source Files</Filter>
    </ClCompile>
  </ItemGroup>
  <ItemGroup>
    <ResourceCompile Include="StaticSplitSample.rc">
      <Filter>Source Files</Filter>
    </ResourceCompile>
  </ItemGroup>
  <ItemGroup>
    <ClInclude Include="ChildFrm.h">
      <Filter>Header Files</Filter>
    </ClInclude>
    <ClInclude Include="MainFrm.h">
      <Filter>Header Files</Filter>
    </ClInclude>
    <ClInclude Include="Resource.h">
      <Filter>Header Files</Filter>
    </ClInclude>
    <ClInclude Include="StaticSplitSample.h">
      <Filter>Header Files</Filter>
    </ClInclude>
    <ClInclude Include="StaticSplitSampleDoc.h">
      <Filter>Header Files</Filter>
    </ClInclude>
    <ClInclude Include="StaticSplitSampleView.h">
      <Filter>Header Files</Filter>
    </ClInclude>
    <ClInclude Include="StdAfx.h">
      <Filter>Header Files</Filter>
    </ClInclude>
    <ClInclude Include="View1.h">
      <Filter>Header Files</Filter>
    </ClInclude>
    <ClInclude Include="View2.h">
      <Filter>Header Files</Filter>
    </ClInclude>
    <ClInclude Include="View3.h">
      <Filter>Header Files</Filter>
    </ClInclude>
    <ClInclude Include="View4.h">
      <Filter>Header Files</Filter>
    </ClInclude>
    <ClInclude Include="View5.h">
      <Filter>Header Files</Filter>
    </ClInclude>
  </ItemGroup>
  <ItemGroup>
    <CustomBuild Include="res\StaticSplitSample.ico">
      <Filter>Resource Files</Filter>
    </CustomBuild>
    <CustomBuild Include="res\StaticSplitSample.rc2">
      <Filter>Resource Files</Filter>
    </CustomBuild>
    <CustomBuild Include="res\StaticSplitSampleDoc.ico">
      <Filter>Resource Files</Filter>
    </CustomBuild>
    <CustomBuild Include="res\Toolbar.bmp">
      <Filter>Resource Files</Filter>
    </CustomBuild>
    <CustomBuild Include="ReadMe.txt" />
  </ItemGroup>
</Project>