
Microsoft Visual Studio Solution File, Format Version 11.00
# Visual Studio 2010
Project("{8BC9CEB8-8B4A-11D0-8D11-00A0C91BC942}") = "SampleUnion", "SampleUnion\SampleUnion.vcxproj", "{C970A822-84C7-49A9-9C01-78931D3B504B}"
EndProject
Global
	GlobalSection(SolutionConfigurationPlatforms) = preSolution
		Debug|Win32 = Debug|Win32
		Release|Win32 = Release|Win32
	EndGlobalSection
	GlobalSection(ProjectConfigurationPlatforms) = postSolution
		{C970A822-84C7-49A9-9C01-78931D3B504B}.Debug|Win32.ActiveCfg = Debug|Win32
		{C970A822-84C7-49A9-9C01-78931D3B504B}.Debug|Win32.Build.0 = Debug|Win32
		{C970A822-84C7-49A9-9C01-78931D3B504B}.Release|Win32.ActiveCfg = Release|Win32
		{C970A822-84C7-49A9-9C01-78931D3B504B}.Release|Win32.Build.0 = Release|Win32
	EndGlobalSection
	GlobalSection(SolutionProperties) = preSolution
		HideSolutionNode = FALSE
	EndGlobalSection
EndGlobal
