
Microsoft Visual Studio Solution File, Format Version 11.00
# Visual Studio 2010
Project("{8BC9CEB8-8B4A-11D0-8D11-00A0C91BC942}") = "DrawTriangle", "DrawTriangle.vcxproj", "{34B4ACC2-129A-9C5D-7BA5-5354144F4472}"
EndProject
Global
	GlobalSection(SolutionConfigurationPlatforms) = preSolution
		Debug|Win32 = Debug|Win32
		Release|Win32 = Release|Win32
	EndGlobalSection
	GlobalSection(ProjectConfigurationPlatforms) = postSolution
		{34B4ACC2-129A-9C5D-7BA5-5354144F4472}.Debug|Win32.ActiveCfg = Debug|Win32
		{34B4ACC2-129A-9C5D-7BA5-5354144F4472}.Debug|Win32.Build.0 = Debug|Win32
		{34B4ACC2-129A-9C5D-7BA5-5354144F4472}.Release|Win32.ActiveCfg = Release|Win32
		{34B4ACC2-129A-9C5D-7BA5-5354144F4472}.Release|Win32.Build.0 = Release|Win32
	EndGlobalSection
	GlobalSection(SolutionProperties) = preSolution
		HideSolutionNode = FALSE
	EndGlobalSection
EndGlobal
