
Microsoft Visual Studio Solution File, Format Version 11.00
# Visual Studio 2010
Project("{8BC9CEB8-8B4A-11D0-8D11-00A0C91BC942}") = "MessageSendSample", "MessageSendSample.vcxproj", "{3A3C46B1-31C0-EF94-30CC-D66FF507F574}"
EndProject
Project("{8BC9CEB8-8B4A-11D0-8D11-00A0C91BC942}") = "MessageReceiveSample", "..\MessageReceiveSample\MessageReceiveSample.vcxproj", "{093E10D0-DA95-2ED9-3250-95D401D7AD7C}"
EndProject
Global
	GlobalSection(SolutionConfigurationPlatforms) = preSolution
		Debug|Win32 = Debug|Win32
		Release|Win32 = Release|Win32
		Template|Win32 = Template|Win32
	EndGlobalSection
	GlobalSection(ProjectConfigurationPlatforms) = postSolution
		{3A3C46B1-31C0-EF94-30CC-D66FF507F574}.Debug|Win32.ActiveCfg = Debug|Win32
		{3A3C46B1-31C0-EF94-30CC-D66FF507F574}.Debug|Win32.Build.0 = Debug|Win32
		{3A3C46B1-31C0-EF94-30CC-D66FF507F574}.Release|Win32.ActiveCfg = Release|Win32
		{3A3C46B1-31C0-EF94-30CC-D66FF507F574}.Release|Win32.Build.0 = Release|Win32
		{3A3C46B1-31C0-EF94-30CC-D66FF507F574}.Template|Win32.ActiveCfg = Release|Win32
		{3A3C46B1-31C0-EF94-30CC-D66FF507F574}.Template|Win32.Build.0 = Release|Win32
		{093E10D0-DA95-2ED9-3250-95D401D7AD7C}.Debug|Win32.ActiveCfg = Debug|Win32
		{093E10D0-DA95-2ED9-3250-95D401D7AD7C}.Debug|Win32.Build.0 = Debug|Win32
		{093E10D0-DA95-2ED9-3250-95D401D7AD7C}.Release|Win32.ActiveCfg = Release|Win32
		{093E10D0-DA95-2ED9-3250-95D401D7AD7C}.Release|Win32.Build.0 = Release|Win32
		{093E10D0-DA95-2ED9-3250-95D401D7AD7C}.Template|Win32.ActiveCfg = Template|Win32
		{093E10D0-DA95-2ED9-3250-95D401D7AD7C}.Template|Win32.Build.0 = Template|Win32
	EndGlobalSection
	GlobalSection(SolutionProperties) = preSolution
		HideSolutionNode = FALSE
	EndGlobalSection
EndGlobal
