
Microsoft Visual Studio Solution File, Format Version 11.00
# Visual Studio 2010
Project("{8BC9CEB8-8B4A-11D0-8D11-00A0C91BC942}") = "LBAndCBSample", "LBAndCBSample.vcxproj", "{DA1CC466-C530-765C-D4BA-A940C9033971}"
EndProject
Global
	GlobalSection(SolutionConfigurationPlatforms) = preSolution
		Debug|Win32 = Debug|Win32
		Release|Win32 = Release|Win32
	EndGlobalSection
	GlobalSection(ProjectConfigurationPlatforms) = postSolution
		{DA1CC466-C530-765C-D4BA-A940C9033971}.Debug|Win32.ActiveCfg = Debug|Win32
		{DA1CC466-C530-765C-D4BA-A940C9033971}.Debug|Win32.Build.0 = Debug|Win32
		{DA1CC466-C530-765C-D4BA-A940C9033971}.Release|Win32.ActiveCfg = Release|Win32
		{DA1CC466-C530-765C-D4BA-A940C9033971}.Release|Win32.Build.0 = Release|Win32
	EndGlobalSection
	GlobalSection(SolutionProperties) = preSolution
		HideSolutionNode = FALSE
	EndGlobalSection
EndGlobal
