
Microsoft Visual Studio Solution File, Format Version 11.00
# Visual Studio 2010
Project("{8BC9CEB8-8B4A-11D0-8D11-00A0C91BC942}") = "RegAppSample", "RegAppSample.vcxproj", "{EE607E4B-8B49-8847-0BB9-57285D5F4A3F}"
EndProject
Global
	GlobalSection(SolutionConfigurationPlatforms) = preSolution
		Debug|Win32 = Debug|Win32
		Release|Win32 = Release|Win32
		Template|Win32 = Template|Win32
	EndGlobalSection
	GlobalSection(ProjectConfigurationPlatforms) = postSolution
		{EE607E4B-8B49-8847-0BB9-57285D5F4A3F}.Debug|Win32.ActiveCfg = Debug|Win32
		{EE607E4B-8B49-8847-0BB9-57285D5F4A3F}.Debug|Win32.Build.0 = Debug|Win32
		{EE607E4B-8B49-8847-0BB9-57285D5F4A3F}.Release|Win32.ActiveCfg = Release|Win32
		{EE607E4B-8B49-8847-0BB9-57285D5F4A3F}.Release|Win32.Build.0 = Release|Win32
		{EE607E4B-8B49-8847-0BB9-57285D5F4A3F}.Template|Win32.ActiveCfg = Template|Win32
		{EE607E4B-8B49-8847-0BB9-57285D5F4A3F}.Template|Win32.Build.0 = Template|Win32
	EndGlobalSection
	GlobalSection(SolutionProperties) = preSolution
		HideSolutionNode = FALSE
	EndGlobalSection
EndGlobal
