<?xml version="1.0" encoding="utf-8"?>
<Project ToolsVersion="4.0" xmlns="http://schemas.microsoft.com/developer/msbuild/2003">
  <ItemGroup>
    <Filter Include="Source Files">
      <UniqueIdentifier>{a079d48a-e53a-486f-bd51-e25701f2faef}</UniqueIdentifier>
      <Extensions>cpp;c;cxx;rc;def;r;odl;idl;hpj;bat</Extensions>
    </Filter>
    <Filter Include="Header Files">
      <UniqueIdentifier>{ef9ca446-00c1-4092-b744-70162af7d2ca}</UniqueIdentifier>
      <Extensions>h;hpp;hxx;hm;inl</Extensions>
    </Filter>
    <Filter Include="Resource Files">
      <UniqueIdentifier>{e151606a-3156-41d9-95bd-d0875b447224}</UniqueIdentifier>
      <Extensions>ico;cur;bmp;dlg;rc2;rct;bin;rgs;gif;jpg;jpeg;jpe</Extensions>
    </Filter>
  </ItemGroup>
  <ItemGroup>
    <ClCompile Include="audioplay.cpp">
      <Filter>Source Files</Filter>
    </ClCompile>
    <ClCompile Include="BroadConvert.cpp">
      <Filter>Source Files</Filter>
    </ClCompile>
    <ClCompile Include="BroadConvertDlg.cpp">
      <Filter>Source Files</Filter>
    </ClCompile>
    <ClCompile Include="DlgItem.cpp">
      <Filter>Source Files</Filter>
    </ClCompile>
    <ClCompile Include="drm.cpp">
      <Filter>Source Files</Filter>
    </ClCompile>
    <ClCompile Include="StdAfx.cpp">
      <Filter>Source Files</Filter>
    </ClCompile>
    <ClCompile Include="TestPage.cpp">
      <Filter>Source Files</Filter>
    </ClCompile>
  </ItemGroup>
  <ItemGroup>
    <ResourceCompile Include="BroadConvert.rc">
      <Filter>Source Files</Filter>
    </ResourceCompile>
  </ItemGroup>
  <ItemGroup>
    <ClInclude Include="audioplay.h">
      <Filter>Header Files</Filter>
    </ClInclude>
    <ClInclude Include="BroadConvert.h">
      <Filter>Header Files</Filter>
    </ClInclude>
    <ClInclude Include="BroadConvertDlg.h">
      <Filter>Header Files</Filter>
    </ClInclude>
    <ClInclude Include="DlgItem.h">
      <Filter>Header Files</Filter>
    </ClInclude>
    <ClInclude Include="drm.h">
      <Filter>Header Files</Filter>
    </ClInclude>
    <ClInclude Include="Resource.h">
      <Filter>Header Files</Filter>
    </ClInclude>
    <ClInclude Include="StdAfx.h">
      <Filter>Header Files</Filter>
    </ClInclude>
    <ClInclude Include="TagDefine.h">
      <Filter>Header Files</Filter>
    </ClInclude>
    <ClInclude Include="TestPage.h">
      <Filter>Header Files</Filter>
    </ClInclude>
  </ItemGroup>
  <ItemGroup>
    <Library Include="Lib\MSACM32.LIB" />
    <Library Include="Lib\WINMM.LIB" />
  </ItemGroup>
  <ItemGroup>
    <CustomBuild Include="res\BroadConvert.ico">
      <Filter>Resource Files</Filter>
    </CustomBuild>
    <CustomBuild Include="res\BroadConvert.rc2">
      <Filter>Resource Files</Filter>
    </CustomBuild>
    <CustomBuild Include="ReadMe.txt" />
  </ItemGroup>
</Project>