
Microsoft Visual Studio Solution File, Format Version 11.00
# Visual Studio 2010
Project("{8BC9CEB8-8B4A-11D0-8D11-00A0C91BC942}") = "dialogExample", "dialogExample.vcxproj", "{E1AC2D99-FAE7-D89A-4A3B-14A267452EAD}"
EndProject
Global
	GlobalSection(SolutionConfigurationPlatforms) = preSolution
		Debug|Win32 = Debug|Win32
		Release|Win32 = Release|Win32
	EndGlobalSection
	GlobalSection(ProjectConfigurationPlatforms) = postSolution
		{E1AC2D99-FAE7-D89A-4A3B-14A267452EAD}.Debug|Win32.ActiveCfg = Debug|Win32
		{E1AC2D99-FAE7-D89A-4A3B-14A267452EAD}.Debug|Win32.Build.0 = Debug|Win32
		{E1AC2D99-FAE7-D89A-4A3B-14A267452EAD}.Release|Win32.ActiveCfg = Release|Win32
		{E1AC2D99-FAE7-D89A-4A3B-14A267452EAD}.Release|Win32.Build.0 = Release|Win32
	EndGlobalSection
	GlobalSection(SolutionProperties) = preSolution
		HideSolutionNode = FALSE
	EndGlobalSection
EndGlobal
