
Microsoft Visual Studio Solution File, Format Version 11.00
# Visual Studio 2010
Project("{8BC9CEB8-8B4A-11D0-8D11-00A0C91BC942}") = "ExecNoteSample", "ExecNoteSample.vcxproj", "{BF9DEE28-05A4-A996-B6E7-463FD9CB0677}"
EndProject
Global
	GlobalSection(SolutionConfigurationPlatforms) = preSolution
		Debug|Win32 = Debug|Win32
		Release|Win32 = Release|Win32
	EndGlobalSection
	GlobalSection(ProjectConfigurationPlatforms) = postSolution
		{BF9DEE28-05A4-A996-B6E7-463FD9CB0677}.Debug|Win32.ActiveCfg = Debug|Win32
		{BF9DEE28-05A4-A996-B6E7-463FD9CB0677}.Debug|Win32.Build.0 = Debug|Win32
		{BF9DEE28-05A4-A996-B6E7-463FD9CB0677}.Release|Win32.ActiveCfg = Release|Win32
		{BF9DEE28-05A4-A996-B6E7-463FD9CB0677}.Release|Win32.Build.0 = Release|Win32
	EndGlobalSection
	GlobalSection(SolutionProperties) = preSolution
		HideSolutionNode = FALSE
	EndGlobalSection
EndGlobal
